dependencies:
- name: keycloak
  repository: file://./charts/keycloak
  version: 0.1.0
- name: postgresql
  repository: https://charts.bitnami.com/bitnami
  version: 14.2.3
- name: accounts-service
  repository: file://./charts/accounts-service
  version: 0.1.0
- name: blocker-service
  repository: file://./charts/blocker-service
  version: 0.1.0
- name: cash-service
  repository: file://./charts/cash-service
  version: 0.1.0
- name: exchange-generator-service
  repository: file://./charts/exchange-generator-service
  version: 0.1.0
- name: exchange-service
  repository: file://./charts/exchange-service
  version: 0.1.0
- name: front-ui
  repository: file://./charts/front-ui
  version: 0.1.0
- name: notification-service
  repository: file://./charts/notification-service
  version: 0.1.0
- name: transfer-service
  repository: file://./charts/transfer-service
  version: 0.1.0
digest: sha256:e8c46fdccaf4d45a11675cc6a7552220bb23874ca702ee3a332df8ff4935d22c
generated: "2025-06-28T13:27:22.629456+03:00"
